
Microsoft Visual Studio Solution File, Format Version 12.00
# Visual Studio Version 16
VisualStudioVersion = 16.0.29609.76
MinimumVisualStudioVersion = 10.0.40219.1
Project("{9A19103F-16F7-4668-BE54-9A1E7A4F7556}") = "DesignPatterns", "DesignPatterns\DesignPatterns.csproj", "{15E6B480-A41B-45A1-B010-43E525173745}"
EndProject
Global
	GlobalSection(SolutionConfigurationPlatforms) = preSolution
		Debug|Any CPU = Debug|Any CPU
		Release|Any CPU = Release|Any CPU
	EndGlobalSection
	GlobalSection(ProjectConfigurationPlatforms) = postSolution
		{15E6B480-A41B-45A1-B010-43E525173745}.Debug|Any CPU.ActiveCfg = Debug|Any CPU
		{15E6B480-A41B-45A1-B010-43E525173745}.Debug|Any CPU.Build.0 = Debug|Any CPU
		{15E6B480-A41B-45A1-B010-43E525173745}.Release|Any CPU.ActiveCfg = Release|Any CPU
		{15E6B480-A41B-45A1-B010-43E525173745}.Release|Any CPU.Build.0 = Release|Any CPU
	EndGlobalSection
	GlobalSection(SolutionProperties) = preSolution
		HideSolutionNode = FALSE
	EndGlobalSection
	GlobalSection(ExtensibilityGlobals) = postSolution
		SolutionGuid = {C3F19568-9A12-4487-8D42-9E7F96BFD473}
	EndGlobalSection
EndGlobal
