
Microsoft Visual Studio Solution File, Format Version 12.00
# Visual Studio Version 16
VisualStudioVersion = 16.0.29609.76
MinimumVisualStudioVersion = 10.0.40219.1
Project("{2150E333-8FDC-42A3-9474-1A3956D46DE8}") = "1- Creational", "1- Creational", "{CAF0BC88-3120-4A95-81F0-1317AA1EB8D0}"
EndProject
Project("{2150E333-8FDC-42A3-9474-1A3956D46DE8}") = "2- Structural", "2- Structural", "{8B8EB47A-4659-4336-9AFF-EF027221C0DB}"
EndProject
Project("{2150E333-8FDC-42A3-9474-1A3956D46DE8}") = "3- Behavioral", "3- Behavioral", "{1FFFBCAC-97DF-4828-A0F1-E35020617B97}"
EndProject
Project("{2150E333-8FDC-42A3-9474-1A3956D46DE8}") = "1- Abstract Factory", "1- Abstract Factory", "{8EA93C10-6A1F-472A-9855-73F4C6C0443B}"
EndProject
Project("{2150E333-8FDC-42A3-9474-1A3956D46DE8}") = "1.2 Factory Method", "1.2 Factory Method", "{33FCE7C2-AF58-4B2B-98E2-39B3900371C9}"
EndProject
Project("{2150E333-8FDC-42A3-9474-1A3956D46DE8}") = "1.3 Singleton", "1.3 Singleton", "{FCDFA7F2-10FA-4190-B80E-7C724549D997}"
EndProject
Project("{2150E333-8FDC-42A3-9474-1A3956D46DE8}") = "2.1 Adapter", "2.1 Adapter", "{7BC264D5-847B-41D3-A483-7B8B4020989A}"
EndProject
Project("{2150E333-8FDC-42A3-9474-1A3956D46DE8}") = "2.2 Facade", "2.2 Facade", "{C24BAC23-307A-4843-A4C3-456FD3FEB538}"
EndProject
Project("{2150E333-8FDC-42A3-9474-1A3956D46DE8}") = "3.1 Command", "3.1 Command", "{373E446B-67B5-4391-B023-E5A3F45D0995}"
EndProject
Project("{2150E333-8FDC-42A3-9474-1A3956D46DE8}") = "3.2 Strategy", "3.2 Strategy", "{72CCBF95-62F3-4A43-A760-488BBAB1F757}"
EndProject
Project("{2150E333-8FDC-42A3-9474-1A3956D46DE8}") = "3.3 Observable", "3.3 Observable", "{5DA1F9F2-A02B-48E7-8291-7B17155D7D06}"
EndProject
Project("{2150E333-8FDC-42A3-9474-1A3956D46DE8}") = "Exemplo 1", "Exemplo 1", "{88D59A21-01F1-42B4-B03F-EF2EE471016E}"
EndProject
Project("{2150E333-8FDC-42A3-9474-1A3956D46DE8}") = "Exemplo 2", "Exemplo 2", "{DBB47A89-663D-4F45-81FD-96EC3C7E9146}"
EndProject
Global
	GlobalSection(SolutionProperties) = preSolution
		HideSolutionNode = FALSE
	EndGlobalSection
	GlobalSection(NestedProjects) = preSolution
		{8EA93C10-6A1F-472A-9855-73F4C6C0443B} = {CAF0BC88-3120-4A95-81F0-1317AA1EB8D0}
		{33FCE7C2-AF58-4B2B-98E2-39B3900371C9} = {CAF0BC88-3120-4A95-81F0-1317AA1EB8D0}
		{FCDFA7F2-10FA-4190-B80E-7C724549D997} = {CAF0BC88-3120-4A95-81F0-1317AA1EB8D0}
		{7BC264D5-847B-41D3-A483-7B8B4020989A} = {8B8EB47A-4659-4336-9AFF-EF027221C0DB}
		{C24BAC23-307A-4843-A4C3-456FD3FEB538} = {8B8EB47A-4659-4336-9AFF-EF027221C0DB}
		{373E446B-67B5-4391-B023-E5A3F45D0995} = {1FFFBCAC-97DF-4828-A0F1-E35020617B97}
		{72CCBF95-62F3-4A43-A760-488BBAB1F757} = {1FFFBCAC-97DF-4828-A0F1-E35020617B97}
		{5DA1F9F2-A02B-48E7-8291-7B17155D7D06} = {1FFFBCAC-97DF-4828-A0F1-E35020617B97}
		{88D59A21-01F1-42B4-B03F-EF2EE471016E} = {8EA93C10-6A1F-472A-9855-73F4C6C0443B}
		{DBB47A89-663D-4F45-81FD-96EC3C7E9146} = {8EA93C10-6A1F-472A-9855-73F4C6C0443B}
	EndGlobalSection
	GlobalSection(ExtensibilityGlobals) = postSolution
		SolutionGuid = {C3F19568-9A12-4487-8D42-9E7F96BFD473}
	EndGlobalSection
EndGlobal
